// !$*UTF8*$!
{
	archiveVersion = 1;
	classes = {
	};
	objectVersion = 56;
	objects = {

/* Begin PBXBuildFile section */
		D6C993E029CF273700B9D7D8 /* AppDelegate.swift in Sources */ = {isa = PBXBuildFile; fileRef = D6C993DF29CF273700B9D7D8 /* AppDelegate.swift */; };
		D6C993E229CF273700B9D7D8 /* SceneDelegate.swift in Sources */ = {isa = PBXBuildFile; fileRef = D6C993E129CF273700B9D7D8 /* SceneDelegate.swift */; };
		D6C993E729CF273700B9D7D8 /* Main.storyboard in Resources */ = {isa = PBXBuildFile; fileRef = D6C993E529CF273700B9D7D8 /* Main.storyboard */; };
		D6C993E929CF273800B9D7D8 /* Assets.xcassets in Resources */ = {isa = PBXBuildFile; fileRef = D6C993E829CF273800B9D7D8 /* Assets.xcassets */; };
		D6C993EC29CF273800B9D7D8 /* LaunchScreen.storyboard in Resources */ = {isa = PBXBuildFile; fileRef = D6C993EA29CF273800B9D7D8 /* LaunchScreen.storyboard */; };
		D6C993F429CF2A7500B9D7D8 /* FakeLoanTableViewController.swift in Sources */ = {isa = PBXBuildFile; fileRef = D6C993F329CF2A7500B9D7D8 /* FakeLoanTableViewController.swift */; };
		D6C993F629CF2ABB00B9D7D8 /* FakeLoanTableViewCell.swift in Sources */ = {isa = PBXBuildFile; fileRef = D6C993F529CF2ABB00B9D7D8 /* FakeLoanTableViewCell.swift */; };
		D6C993F829CF2ACB00B9D7D8 /* Loan.swift in Sources */ = {isa = PBXBuildFile; fileRef = D6C993F729CF2ACB00B9D7D8 /* Loan.swift */; };
/* End PBXBuildFile section */

/* Begin PBXFileReference section */
		D6C993DC29CF273700B9D7D8 /* Fake Loans.app */ = {isa = PBXFileReference; explicitFileType = wrapper.application; includeInIndex = 0; path = "Fake Loans.app"; sourceTree = BUILT_PRODUCTS_DIR; };
		D6C993DF29CF273700B9D7D8 /* AppDelegate.swift */ = {isa = PBXFileReference; lastKnownFileType = sourcecode.swift; path = AppDelegate.swift; sourceTree = "<group>"; };
		D6C993E129CF273700B9D7D8 /* SceneDelegate.swift */ = {isa = PBXFileReference; lastKnownFileType = sourcecode.swift; path = SceneDelegate.swift; sourceTree = "<group>"; };
		D6C993E629CF273700B9D7D8 /* Base */ = {isa = PBXFileReference; lastKnownFileType = file.storyboard; name = Base; path = Base.lproj/Main.storyboard; sourceTree = "<group>"; };
		D6C993E829CF273800B9D7D8 /* Assets.xcassets */ = {isa = PBXFileReference; lastKnownFileType = folder.assetcatalog; path = Assets.xcassets; sourceTree = "<group>"; };
		D6C993EB29CF273800B9D7D8 /* Base */ = {isa = PBXFileReference; lastKnownFileType = file.storyboard; name = Base; path = Base.lproj/LaunchScreen.storyboard; sourceTree = "<group>"; };
		D6C993ED29CF273800B9D7D8 /* Info.plist */ = {isa = PBXFileReference; lastKnownFileType = text.plist.xml; path = Info.plist; sourceTree = "<group>"; };
		D6C993F329CF2A7500B9D7D8 /* FakeLoanTableViewController.swift */ = {isa = PBXFileReference; lastKnownFileType = sourcecode.swift; path = FakeLoanTableViewController.swift; sourceTree = "<group>"; };
		D6C993F529CF2ABB00B9D7D8 /* FakeLoanTableViewCell.swift */ = {isa = PBXFileReference; lastKnownFileType = sourcecode.swift; path = FakeLoanTableViewCell.swift; sourceTree = "<group>"; };
		D6C993F729CF2ACB00B9D7D8 /* Loan.swift */ = {isa = PBXFileReference; lastKnownFileType = sourcecode.swift; path = Loan.swift; sourceTree = "<group>"; };
/* End PBXFileReference section */

/* Begin PBXFrameworksBuildPhase section */
		D6C993D929CF273700B9D7D8 /* Frameworks */ = {
			isa = PBXFrameworksBuildPhase;
			buildActionMask = 2147483647;
			files = (
			);
			runOnlyForDeploymentPostprocessing = 0;
		};
/* End PBXFrameworksBuildPhase section */

/* Begin PBXGroup section */
		D6C993D329CF273700B9D7D8 = {
			isa = PBXGroup;
			children = (
				D6C993DE29CF273700B9D7D8 /* Fake Loans */,
				D6C993DD29CF273700B9D7D8 /* Products */,
			);
			sourceTree = "<group>";
		};
		D6C993DD29CF273700B9D7D8 /* Products */ = {
			isa = PBXGroup;
			children = (
				D6C993DC29CF273700B9D7D8 /* Fake Loans.app */,
			);
			name = Products;
			sourceTree = "<group>";
		};
		D6C993DE29CF273700B9D7D8 /* Fake Loans */ = {
			isa = PBXGroup;
			children = (
				D6C993DF29CF273700B9D7D8 /* AppDelegate.swift */,
				D6C993E129CF273700B9D7D8 /* SceneDelegate.swift */,
				D6C993E529CF273700B9D7D8 /* Main.storyboard */,
				D6C993E829CF273800B9D7D8 /* Assets.xcassets */,
				D6C993EA29CF273800B9D7D8 /* LaunchScreen.storyboard */,
				D6C993ED29CF273800B9D7D8 /* Info.plist */,
				D6C993F329CF2A7500B9D7D8 /* FakeLoanTableViewController.swift */,
				D6C993F529CF2ABB00B9D7D8 /* FakeLoanTableViewCell.swift */,
				D6C993F729CF2ACB00B9D7D8 /* Loan.swift */,
			);
			path = "Fake Loans";
			sourceTree = "<group>";
		};
/* End PBXGroup section */

/* Begin PBXNativeTarget section */
		D6C993DB29CF273700B9D7D8 /* Fake Loans */ = {
			isa = PBXNativeTarget;
			buildConfigurationList = D6C993F029CF273800B9D7D8 /* Build configuration list for PBXNativeTarget "Fake Loans" */;
			buildPhases = (
				D6C993D829CF273700B9D7D8 /* Sources */,
				D6C993D929CF273700B9D7D8 /* Frameworks */,
				D6C993DA29CF273700B9D7D8 /* Resources */,
			);
			buildRules = (
			);
			dependencies = (
			);
			name = "Fake Loans";
			productName = "Fake Loans";
			productReference = D6C993DC29CF273700B9D7D8 /* Fake Loans.app */;
			productType = "com.apple.product-type.application";
		};
/* End PBXNativeTarget section */

/* Begin PBXProject section */
		D6C993D429CF273700B9D7D8 /* Project object */ = {
			isa = PBXProject;
			attributes = {
				BuildIndependentTargetsInParallel = 1;
				LastSwiftUpdateCheck = 1420;
				LastUpgradeCheck = 1420;
				TargetAttributes = {
					D6C993DB29CF273700B9D7D8 = {
						CreatedOnToolsVersion = 14.2;
					};
				};
			};
			buildConfigurationList = D6C993D729CF273700B9D7D8 /* Build configuration list for PBXProject "Fake Loans" */;
			compatibilityVersion = "Xcode 14.0";
			developmentRegion = en;
			hasScannedForEncodings = 0;
			knownRegions = (
				en,
				Base,
			);
			mainGroup = D6C993D329CF273700B9D7D8;
			productRefGroup = D6C993DD29CF273700B9D7D8 /* Products */;
			projectDirPath = "";
			projectRoot = "";
			targets = (
				D6C993DB29CF273700B9D7D8 /* Fake Loans */,
			);
		};
/* End PBXProject section */

/* Begin PBXResourcesBuildPhase section */
		D6C993DA29CF273700B9D7D8 /* Resources */ = {
			isa = PBXResourcesBuildPhase;
			buildActionMask = 2147483647;
			files = (
				D6C993EC29CF273800B9D7D8 /* LaunchScreen.storyboard in Resources */,
				D6C993E929CF273800B9D7D8 /* Assets.xcassets in Resources */,
				D6C993E729CF273700B9D7D8 /* Main.storyboard in Resources */,
			);
			runOnlyForDeploymentPostprocessing = 0;
		};
/* End PBXResourcesBuildPhase section */

/* Begin PBXSourcesBuildPhase section */
		D6C993D829CF273700B9D7D8 /* Sources */ = {
			isa = PBXSourcesBuildPhase;
			buildActionMask = 2147483647;
			files = (
				D6C993E029CF273700B9D7D8 /* AppDelegate.swift in Sources */,
				D6C993F829CF2ACB00B9D7D8 /* Loan.swift in Sources */,
				D6C993F429CF2A7500B9D7D8 /* FakeLoanTableViewController.swift in Sources */,
				D6C993F629CF2ABB00B9D7D8 /* FakeLoanTableViewCell.swift in Sources */,
				D6C993E229CF273700B9D7D8 /* SceneDelegate.swift in Sources */,
			);
			runOnlyForDeploymentPostprocessing = 0;
		};
/* End PBXSourcesBuildPhase section */

/* Begin PBXVariantGroup section */
		D6C993E529CF273700B9D7D8 /* Main.storyboard */ = {
			isa = PBXVariantGroup;
			children = (
				D6C993E629CF273700B9D7D8 /* Base */,
			);
			name = Main.storyboard;
			sourceTree = "<group>";
		};
		D6C993EA29CF273800B9D7D8 /* LaunchScreen.storyboard */ = {
			isa = PBXVariantGroup;
			children = (
				D6C993EB29CF273800B9D7D8 /* Base */,
			);
			name = LaunchScreen.storyboard;
			sourceTree = "<group>";
		};
/* End PBXVariantGroup section */

/* Begin XCBuildConfiguration section */
		D6C993EE29CF273800B9D7D8 /* Debug */ = {
			isa = XCBuildConfiguration;
			buildSettings = {
				ALWAYS_SEARCH_USER_PATHS = NO;
				CLANG_ANALYZER_NONNULL = YES;
				CLANG_ANALYZER_NUMBER_OBJECT_CONVERSION = YES_AGGRESSIVE;
				CLANG_CXX_LANGUAGE_STANDARD = "gnu++20";
				CLANG_ENABLE_MODULES = YES;
				CLANG_ENABLE_OBJC_ARC = YES;
				CLANG_ENABLE_OBJC_WEAK = YES;
				CLANG_WARN_BLOCK_CAPTURE_AUTORELEASING = YES;
				CLANG_WARN_BOOL_CONVERSION = YES;
				CLANG_WARN_COMMA = YES;
				CLANG_WARN_CONSTANT_CONVERSION = YES;
				CLANG_WARN_DEPRECATED_OBJC_IMPLEMENTATIONS = YES;
				CLANG_WARN_DIRECT_OBJC_ISA_USAGE = YES_ERROR;
				CLANG_WARN_DOCUMENTATION_COMMENTS = YES;
				CLANG_WARN_EMPTY_BODY = YES;
				CLANG_WARN_ENUM_CONVERSION = YES;
				CLANG_WARN_INFINITE_RECURSION = YES;
				CLANG_WARN_INT_CONVERSION = YES;
				CLANG_WARN_NON_LITERAL_NULL_CONVERSION = YES;
				CLANG_WARN_OBJC_IMPLICIT_RETAIN_SELF = YES;
				CLANG_WARN_OBJC_LITERAL_CONVERSION = YES;
				CLANG_WARN_OBJC_ROOT_CLASS = YES_ERROR;
				CLANG_WARN_QUOTED_INCLUDE_IN_FRAMEWORK_HEADER = YES;
				CLANG_WARN_RANGE_LOOP_ANALYSIS = YES;
				CLANG_WARN_STRICT_PROTOTYPES = YES;
				CLANG_WARN_SUSPICIOUS_MOVE = YES;
				CLANG_WARN_UNGUARDED_AVAILABILITY = YES_AGGRESSIVE;
				CLANG_WARN_UNREACHABLE_CODE = YES;
				CLANG_WARN__DUPLICATE_METHOD_MATCH = YES;
				COPY_PHASE_STRIP = NO;
				DEBUG_INFORMATION_FORMAT = dwarf;
				ENABLE_STRICT_OBJC_MSGSEND = YES;
				ENABLE_TESTABILITY = YES;
				GCC_C_LANGUAGE_STANDARD = gnu11;
				GCC_DYNAMIC_NO_PIC = NO;
				GCC_NO_COMMON_BLOCKS = YES;
				GCC_OPTIMIZATION_LEVEL = 0;
				GCC_PREPROCESSOR_DEFINITIONS = (
					"DEBUG=1",
					"$(inherited)",
				);
				GCC_WARN_64_TO_32_BIT_CONVERSION = YES;
				GCC_WARN_ABOUT_RETURN_TYPE = YES_ERROR;
				GCC_WARN_UNDECLARED_SELECTOR = YES;
				GCC_WARN_UNINITIALIZED_AUTOS = YES_AGGRESSIVE;
				GCC_WARN_UNUSED_FUNCTION = YES;
				GCC_WARN_UNUSED_VARIABLE = YES;
				IPHONEOS_DEPLOYMENT_TARGET = 16.2;
				MTL_ENABLE_DEBUG_INFO = INCLUDE_SOURCE;
				MTL_FAST_MATH = YES;
				ONLY_ACTIVE_ARCH = YES;
				SDKROOT = iphoneos;
				SWIFT_ACTIVE_COMPILATION_CONDITIONS = DEBUG;
				SWIFT_OPTIMIZATION_LEVEL = "-Onone";
			};
			name = Debug;
		};
		D6C993EF29CF273800B9D7D8 /* Release */ = {
			isa = XCBuildConfiguration;
			buildSettings = {
				ALWAYS_SEARCH_USER_PATHS = NO;
				CLANG_ANALYZER_NONNULL = YES;
				CLANG_ANALYZER_NUMBER_OBJECT_CONVERSION = YES_AGGRESSIVE;
				CLANG_CXX_LANGUAGE_STANDARD = "gnu++20";
				CLANG_ENABLE_MODULES = YES;
				CLANG_ENABLE_OBJC_ARC = YES;
				CLANG_ENABLE_OBJC_WEAK = YES;
				CLANG_WARN_BLOCK_CAPTURE_AUTORELEASING = YES;
				CLANG_WARN_BOOL_CONVERSION = YES;
				CLANG_WARN_COMMA = YES;
				CLANG_WARN_CONSTANT_CONVERSION = YES;
				CLANG_WARN_DEPRECATED_OBJC_IMPLEMENTATIONS = YES;
				CLANG_WARN_DIRECT_OBJC_ISA_USAGE = YES_ERROR;
				CLANG_WARN_DOCUMENTATION_COMMENTS = YES;
				CLANG_WARN_EMPTY_BODY = YES;
				CLANG_WARN_ENUM_CONVERSION = YES;
				CLANG_WARN_INFINITE_RECURSION = YES;
				CLANG_WARN_INT_CONVERSION = YES;
				CLANG_WARN_NON_LITERAL_NULL_CONVERSION = YES;
				CLANG_WARN_OBJC_IMPLICIT_RETAIN_SELF = YES;
				CLANG_WARN_OBJC_LITERAL_CONVERSION = YES;
				CLANG_WARN_OBJC_ROOT_CLASS = YES_ERROR;
				CLANG_WARN_QUOTED_INCLUDE_IN_FRAMEWORK_HEADER = YES;
				CLANG_WARN_RANGE_LOOP_ANALYSIS = YES;
				CLANG_WARN_STRICT_PROTOTYPES = YES;
				CLANG_WARN_SUSPICIOUS_MOVE = YES;
				CLANG_WARN_UNGUARDED_AVAILABILITY = YES_AGGRESSIVE;
				CLANG_WARN_UNREACHABLE_CODE = YES;
				CLANG_WARN__DUPLICATE_METHOD_MATCH = YES;
				COPY_PHASE_STRIP = NO;
				DEBUG_INFORMATION_FORMAT = "dwarf-with-dsym";
				ENABLE_NS_ASSERTIONS = NO;
				ENABLE_STRICT_OBJC_MSGSEND = YES;
				GCC_C_LANGUAGE_STANDARD = gnu11;
				GCC_NO_COMMON_BLOCKS = YES;
				GCC_WARN_64_TO_32_BIT_CONVERSION = YES;
				GCC_WARN_ABOUT_RETURN_TYPE = YES_ERROR;
				GCC_WARN_UNDECLARED_SELECTOR = YES;
				GCC_WARN_UNINITIALIZED_AUTOS = YES_AGGRESSIVE;
				GCC_WARN_UNUSED_FUNCTION = YES;
				GCC_WARN_UNUSED_VARIABLE = YES;
				IPHONEOS_DEPLOYMENT_TARGET = 16.2;
				MTL_ENABLE_DEBUG_INFO = NO;
				MTL_FAST_MATH = YES;
				SDKROOT = iphoneos;
				SWIFT_COMPILATION_MODE = wholemodule;
				SWIFT_OPTIMIZATION_LEVEL = "-O";
				VALIDATE_PRODUCT = YES;
			};
			name = Release;
		};
		D6C993F129CF273800B9D7D8 /* Debug */ = {
			isa = XCBuildConfiguration;
			buildSettings = {
				ASSETCATALOG_COMPILER_APPICON_NAME = AppIcon;
				ASSETCATALOG_COMPILER_GLOBAL_ACCENT_COLOR_NAME = AccentColor;
				CODE_SIGN_STYLE = Automatic;
				CURRENT_PROJECT_VERSION = 1;
				DEVELOPMENT_TEAM = WPG5J57J5Q;
				GENERATE_INFOPLIST_FILE = YES;
				INFOPLIST_FILE = "Fake Loans/Info.plist";
				INFOPLIST_KEY_UIApplicationSupportsIndirectInputEvents = YES;
				INFOPLIST_KEY_UILaunchStoryboardName = LaunchScreen;
				INFOPLIST_KEY_UIMainStoryboardFile = Main;
				INFOPLIST_KEY_UISupportedInterfaceOrientations_iPad = "UIInterfaceOrientationPortrait UIInterfaceOrientationPortraitUpsideDown UIInterfaceOrientationLandscapeLeft UIInterfaceOrientationLandscapeRight";
				INFOPLIST_KEY_UISupportedInterfaceOrientations_iPhone = "UIInterfaceOrientationPortrait UIInterfaceOrientationLandscapeLeft UIInterfaceOrientationLandscapeRight";
				LD_RUNPATH_SEARCH_PATHS = (
					"$(inherited)",
					"@executable_path/Frameworks",
				);
				MARKETING_VERSION = 1.0;
				PRODUCT_BUNDLE_IDENTIFIER = "id.signal.Fake-Loans";
				PRODUCT_NAME = "$(TARGET_NAME)";
				SWIFT_EMIT_LOC_STRINGS = YES;
				SWIFT_VERSION = 5.0;
				TARGETED_DEVICE_FAMILY = "1,2";
			};
			name = Debug;
		};
		D6C993F229CF273800B9D7D8 /* Release */ = {
			isa = XCBuildConfiguration;
			buildSettings = {
				ASSETCATALOG_COMPILER_APPICON_NAME = AppIcon;
				ASSETCATALOG_COMPILER_GLOBAL_ACCENT_COLOR_NAME = AccentColor;
				CODE_SIGN_STYLE = Automatic;
				CURRENT_PROJECT_VERSION = 1;
				DEVELOPMENT_TEAM = WPG5J57J5Q;
				GENERATE_INFOPLIST_FILE = YES;
				INFOPLIST_FILE = "Fake Loans/Info.plist";
				INFOPLIST_KEY_UIApplicationSupportsIndirectInputEvents = YES;
				INFOPLIST_KEY_UILaunchStoryboardName = LaunchScreen;
				INFOPLIST_KEY_UIMainStoryboardFile = Main;
				INFOPLIST_KEY_UISupportedInterfaceOrientations_iPad = "UIInterfaceOrientationPortrait UIInterfaceOrientationPortraitUpsideDown UIInterfaceOrientationLandscapeLeft UIInterfaceOrientationLandscapeRight";
				INFOPLIST_KEY_UISupportedInterfaceOrientations_iPhone = "UIInterfaceOrientationPortrait UIInterfaceOrientationLandscapeLeft UIInterfaceOrientationLandscapeRight";
				LD_RUNPATH_SEARCH_PATHS = (
					"$(inherited)",
					"@executable_path/Frameworks",
				);
				MARKETING_VERSION = 1.0;
				PRODUCT_BUNDLE_IDENTIFIER = "id.signal.Fake-Loans";
				PRODUCT_NAME = "$(TARGET_NAME)";
				SWIFT_EMIT_LOC_STRINGS = YES;
				SWIFT_VERSION = 5.0;
				TARGETED_DEVICE_FAMILY = "1,2";
			};
			name = Release;
		};
/* End XCBuildConfiguration section */

/* Begin XCConfigurationList section */
		D6C993D729CF273700B9D7D8 /* Build configuration list for PBXProject "Fake Loans" */ = {
			isa = XCConfigurationList;
			buildConfigurations = (
				D6C993EE29CF273800B9D7D8 /* Debug */,
				D6C993EF29CF273800B9D7D8 /* Release */,
			);
			defaultConfigurationIsVisible = 0;
			defaultConfigurationName = Release;
		};
		D6C993F029CF273800B9D7D8 /* Build configuration list for PBXNativeTarget "Fake Loans" */ = {
			isa = XCConfigurationList;
			buildConfigurations = (
				D6C993F129CF273800B9D7D8 /* Debug */,
				D6C993F229CF273800B9D7D8 /* Release */,
			);
			defaultConfigurationIsVisible = 0;
			defaultConfigurationName = Release;
		};
/* End XCConfigurationList section */
	};
	rootObject = D6C993D429CF273700B9D7D8 /* Project object */;
}
